
Microsoft Visual Studio Solution File, Format Version 12.00
# Visual Studio Version 17
VisualStudioVersion = 17.2.32630.192
MinimumVisualStudioVersion = 10.0.40219.1
Project("{888888A0-9F3D-457C-B088-3A5042F75D52}") = "Fb_Save_Person", "Fb_Save_Person\Fb_Save_Person.pyproj", "{EB7DA8C1-F84F-4513-8AC9-AE55DFDED0C7}"
EndProject
Global
	GlobalSection(SolutionConfigurationPlatforms) = preSolution
		Debug|Any CPU = Debug|Any CPU
		Release|Any CPU = Release|Any CPU
	EndGlobalSection
	GlobalSection(ProjectConfigurationPlatforms) = postSolution
		{EB7DA8C1-F84F-4513-8AC9-AE55DFDED0C7}.Debug|Any CPU.ActiveCfg = Debug|Any CPU
		{EB7DA8C1-F84F-4513-8AC9-AE55DFDED0C7}.Release|Any CPU.ActiveCfg = Release|Any CPU
	EndGlobalSection
	GlobalSection(SolutionProperties) = preSolution
		HideSolutionNode = FALSE
	EndGlobalSection
	GlobalSection(ExtensibilityGlobals) = postSolution
		SolutionGuid = {F45348F0-BD30-4452-8D69-7EFF9CF8C9E8}
	EndGlobalSection
EndGlobal
